{
  "name": "roulette-round",
  "version": "1.0.0",
  "lockfileVersion": 1,
  "requires": true,
  "dependencies": {
    "@types/bn.js": {
      "version": "4.11.6",
      "resolved": "https://registry.nlark.com/@types/bn.js/download/@types/bn.js-4.11.6.tgz",
      "integrity": "sha1-wwbHDZNYquozzU7aCSp0K5UFlnw=",
      "requires": {
        "@types/node": "*"
      }
    },
    "@types/node": {
      "version": "16.7.2",
      "resolved": "https://registry.nlark.com/@types/node/download/@types/node-16.7.2.tgz",
      "integrity": "sha1-BGWjm1RWthoE2YvVVF+LNL40DLc="
    },
    "base-x": {
      "version": "3.0.8",
      "resolved": "https://registry.nlark.com/base-x/download/base-x-3.0.8.tgz",
      "integrity": "sha1-HhEGwlN/AWLotSR0pVfrsJAAAY0=",
      "requires": {
        "safe-buffer": "^5.0.1"
      }
    },
    "bn.js": {
      "version": "5.2.0",
      "resolved": "https://registry.npm.taobao.org/bn.js/download/bn.js-5.2.0.tgz",
      "integrity": "sha1-NYhgZ0OWxpl3canQUfzBtX1K4AI="
    },
    "borsh": {
      "version": "0.4.0",
      "resolved": "https://registry.nlark.com/borsh/download/borsh-0.4.0.tgz",
      "integrity": "sha1-ndbe/nQWJ/ExXqwqc99hQh9t258=",
      "requires": {
        "@types/bn.js": "^4.11.5",
        "bn.js": "^5.0.0",
        "bs58": "^4.0.0",
        "text-encoding-utf-8": "^1.0.2"
      }
    },
    "bs58": {
      "version": "4.0.1",
      "resolved": "https://registry.npm.taobao.org/bs58/download/bs58-4.0.1.tgz",
      "integrity": "sha1-vhYedsNU9veIrkBx9j806MTwpCo=",
      "requires": {
        "base-x": "^3.0.2"
      }
    },
    "capability": {
      "version": "0.2.5",
      "resolved": "https://registry.nlark.com/capability/download/capability-0.2.5.tgz",
      "integrity": "sha1-Ua2HNT8ZNv/Xfy8hx0YzpN6oiAE="
    },
    "depd": {
      "version": "2.0.0",
      "resolved": "https://registry.npm.taobao.org/depd/download/depd-2.0.0.tgz",
      "integrity": "sha1-tpYWPMdXVg0JzyLMj60Vcbeedt8="
    },
    "error-polyfill": {
      "version": "0.1.2",
      "resolved": "https://registry.nlark.com/error-polyfill/download/error-polyfill-0.1.2.tgz",
      "integrity": "sha1-BbJ959Emy8nUKpb0X6qyipigsos=",
      "requires": {
        "capability": "^0.2.5",
        "o3": "^1.0.3",
        "u3": "^0.1.0"
      }
    },
    "http-errors": {
      "version": "1.8.0",
      "resolved": "https://registry.npm.taobao.org/http-errors/download/http-errors-1.8.0.tgz",
      "integrity": "sha1-ddG75JfhBE9R5O6ecEpi8o0zZQc=",
      "requires": {
        "depd": "~1.1.2",
        "inherits": "2.0.4",
        "setprototypeof": "1.2.0",
        "statuses": ">= 1.5.0 < 2",
        "toidentifier": "1.0.0"
      },
      "dependencies": {
        "depd": {
          "version": "1.1.2",
          "resolved": "https://registry.npm.taobao.org/depd/download/depd-1.1.2.tgz",
          "integrity": "sha1-m81S4UwJd2PnSbJ0xDRu0uVgtak="
        }
      }
    },
    "inherits": {
      "version": "2.0.4",
      "resolved": "https://registry.npm.taobao.org/inherits/download/inherits-2.0.4.tgz",
      "integrity": "sha1-D6LGT5MpF8NDOg3tVTY6rjdBa3w="
    },
    "js-sha256": {
      "version": "0.9.0",
      "resolved": "https://registry.npm.taobao.org/js-sha256/download/js-sha256-0.9.0.tgz",
      "integrity": "sha1-C4msFmWD6R75EjZEvTxTNM6dCWY="
    },
    "mustache": {
      "version": "4.2.0",
      "resolved": "https://registry.npm.taobao.org/mustache/download/mustache-4.2.0.tgz?cache=0&sync_timestamp=1616960294672&other_urls=https%3A%2F%2Fregistry.npm.taobao.org%2Fmustache%2Fdownload%2Fmustache-4.2.0.tgz",
      "integrity": "sha1-5YkjJNYKEuycKnM1ntylKXK/b2Q="
    },
    "near-api-js": {
      "version": "0.42.0",
      "resolved": "https://registry.nlark.com/near-api-js/download/near-api-js-0.42.0.tgz",
      "integrity": "sha1-H3c3kekwo0m+ZbhmdSu65n30OI0=",
      "requires": {
        "bn.js": "5.2.0",
        "borsh": "^0.4.0",
        "bs58": "^4.0.0",
        "depd": "^2.0.0",
        "error-polyfill": "^0.1.2",
        "http-errors": "^1.7.2",
        "js-sha256": "^0.9.0",
        "mustache": "^4.0.0",
        "node-fetch": "^2.6.1",
        "text-encoding-utf-8": "^1.0.2",
        "tweetnacl": "^1.0.1"
      }
    },
    "node-fetch": {
      "version": "2.6.1",
      "resolved": "https://registry.nlark.com/node-fetch/download/node-fetch-2.6.1.tgz?cache=0&sync_timestamp=1626684812087&other_urls=https%3A%2F%2Fregistry.nlark.com%2Fnode-fetch%2Fdownload%2Fnode-fetch-2.6.1.tgz",
      "integrity": "sha1-BFvTI2Mfdu0uK1VXM5RBa2OaAFI="
    },
    "o3": {
      "version": "1.0.3",
      "resolved": "https://registry.nlark.com/o3/download/o3-1.0.3.tgz",
      "integrity": "sha1-GSzod6iC36Z1HwQSqGX6+y2h2sA=",
      "requires": {
        "capability": "^0.2.5"
      }
    },
    "regenerator-runtime": {
      "version": "0.13.9",
      "resolved": "https://registry.nlark.com/regenerator-runtime/download/regenerator-runtime-0.13.9.tgz?cache=0&other_urls=https%3A%2F%2Fregistry.nlark.com%2Fregenerator-runtime%2Fdownload%2Fregenerator-runtime-0.13.9.tgz",
      "integrity": "sha1-iSV0Kpj/2QgUmI11Zq0wyjsmO1I="
    },
    "safe-buffer": {
      "version": "5.2.1",
      "resolved": "https://registry.npm.taobao.org/safe-buffer/download/safe-buffer-5.2.1.tgz",
      "integrity": "sha1-Hq+fqb2x/dTsdfWPnNtOa3gn7sY="
    },
    "setprototypeof": {
      "version": "1.2.0",
      "resolved": "https://registry.nlark.com/setprototypeof/download/setprototypeof-1.2.0.tgz",
      "integrity": "sha1-ZsmiSnP5/CjL5msJ/tPTPcrxtCQ="
    },
    "statuses": {
      "version": "1.5.0",
      "resolved": "https://registry.nlark.com/statuses/download/statuses-1.5.0.tgz",
      "integrity": "sha1-Fhx9rBd2Wf2YEfQ3cfqZOBR4Yow="
    },
    "text-encoding-utf-8": {
      "version": "1.0.2",
      "resolved": "https://registry.nlark.com/text-encoding-utf-8/download/text-encoding-utf-8-1.0.2.tgz",
      "integrity": "sha1-WFtiGXsK5Dfjx7XQryesECHhDRM="
    },
    "toidentifier": {
      "version": "1.0.0",
      "resolved": "https://registry.nlark.com/toidentifier/download/toidentifier-1.0.0.tgz",
      "integrity": "sha1-fhvjRw8ed5SLxD2Uo8j013UrpVM="
    },
    "tweetnacl": {
      "version": "1.0.3",
      "resolved": "https://registry.nlark.com/tweetnacl/download/tweetnacl-1.0.3.tgz",
      "integrity": "sha1-rAr3FoBFjYpjeNDQ0FCrFAfTVZY="
    },
    "u3": {
      "version": "0.1.0",
      "resolved": "https://registry.nlark.com/u3/download/u3-0.1.0.tgz",
      "integrity": "sha1-AGCSdmO2g1PFOc2pnpUR1mh+3Z0="
    }
  }
}
